
Microsoft Visual Studio Solution File, Format Version 12.00
# Visual Studio Version 16
VisualStudioVersion = 16.0.29311.281
MinimumVisualStudioVersion = 10.0.40219.1
Project("{9A19103F-16F7-4668-BE54-9A1E7A4F7556}") = "MC_CurrencyConverter", "MC_CurrencyConverter\MC_CurrencyConverter.csproj", "{D213D57A-5B4D-43DD-AF66-D798227672F7}"
EndProject
Project("{FAE04EC0-301F-11D3-BF4B-00C04F79EFBC}") = "MC_CurrencyConverter.Logic", "MC_CurrencyConverter.Logic\MC_CurrencyConverter.Logic.csproj", "{C739E2EC-963C-4812-B301-7AD3699A58C6}"
EndProject
Global
	GlobalSection(SolutionConfigurationPlatforms) = preSolution
		Debug|Any CPU = Debug|Any CPU
		Release|Any CPU = Release|Any CPU
	EndGlobalSection
	GlobalSection(ProjectConfigurationPlatforms) = postSolution
		{D213D57A-5B4D-43DD-AF66-D798227672F7}.Debug|Any CPU.ActiveCfg = Debug|Any CPU
		{D213D57A-5B4D-43DD-AF66-D798227672F7}.Debug|Any CPU.Build.0 = Debug|Any CPU
		{D213D57A-5B4D-43DD-AF66-D798227672F7}.Release|Any CPU.ActiveCfg = Release|Any CPU
		{D213D57A-5B4D-43DD-AF66-D798227672F7}.Release|Any CPU.Build.0 = Release|Any CPU
		{C739E2EC-963C-4812-B301-7AD3699A58C6}.Debug|Any CPU.ActiveCfg = Debug|Any CPU
		{C739E2EC-963C-4812-B301-7AD3699A58C6}.Debug|Any CPU.Build.0 = Debug|Any CPU
		{C739E2EC-963C-4812-B301-7AD3699A58C6}.Release|Any CPU.ActiveCfg = Release|Any CPU
		{C739E2EC-963C-4812-B301-7AD3699A58C6}.Release|Any CPU.Build.0 = Release|Any CPU
	EndGlobalSection
	GlobalSection(SolutionProperties) = preSolution
		HideSolutionNode = FALSE
	EndGlobalSection
	GlobalSection(ExtensibilityGlobals) = postSolution
		SolutionGuid = {E1FF9956-1323-456D-9C70-2EA19BD128E0}
	EndGlobalSection
EndGlobal
